
Microsoft Visual Studio Solution File, Format Version 12.00
# Visual Studio Version 17
VisualStudioVersion = 17.11.35219.272
MinimumVisualStudioVersion = 10.0.40219.1
Project("{888888A0-9F3D-457C-B088-3A5042F75D52}") = "TARgv24_Python", "TARgv24_Python.pyproj", "{7E38A3D2-6597-48E3-B4C7-3D19DB5B9271}"
EndProject
Global
	GlobalSection(SolutionConfigurationPlatforms) = preSolution
		Debug|Any CPU = Debug|Any CPU
		Release|Any CPU = Release|Any CPU
	EndGlobalSection
	GlobalSection(ProjectConfigurationPlatforms) = postSolution
		{7E38A3D2-6597-48E3-B4C7-3D19DB5B9271}.Debug|Any CPU.ActiveCfg = Debug|Any CPU
		{7E38A3D2-6597-48E3-B4C7-3D19DB5B9271}.Release|Any CPU.ActiveCfg = Release|Any CPU
	EndGlobalSection
	GlobalSection(SolutionProperties) = preSolution
		HideSolutionNode = FALSE
	EndGlobalSection
	GlobalSection(ExtensibilityGlobals) = postSolution
		SolutionGuid = {62536C14-0001-4F89-BA72-1B32D275B7C3}
	EndGlobalSection
EndGlobal
